
Microsoft Visual Studio Solution File, Format Version 12.00
# Visual Studio 15
VisualStudioVersion = 15.0.26430.16
MinimumVisualStudioVersion = 10.0.40219.1
Project("{8BC9CEB8-8B4A-11D0-8D11-00A0C91BC942}") = "8087", "BaekJoon\BaekJoon.vcxproj", "{96E8882D-9671-4E01-B389-42674F9F55B2}"
EndProject
Project("{8BC9CEB8-8B4A-11D0-8D11-00A0C91BC942}") = "15552", "15552\15552.vcxproj", "{98A62D8C-E1A2-4726-9C41-B206DFC03787}"
EndProject
Project("{8BC9CEB8-8B4A-11D0-8D11-00A0C91BC942}") = "11718", "11718\11718.vcxproj", "{33A2DCB2-83A2-46DD-A0DB-DCE61A903184}"
EndProject
Project("{8BC9CEB8-8B4A-11D0-8D11-00A0C91BC942}") = "6684", "6684\6684.vcxproj", "{AA0FD2E7-9665-475F-B34E-44549CFA553C}"
EndProject
Project("{8BC9CEB8-8B4A-11D0-8D11-00A0C91BC942}") = "1003", "1003\1003.vcxproj", "{53F60734-ED29-4388-B3DD-0D60B4E248A0}"
EndProject
Project("{8BC9CEB8-8B4A-11D0-8D11-00A0C91BC942}") = "11050", "11050\11050.vcxproj", "{FB12E10B-8AC8-43A1-B2D0-8695D0B08DD0}"
EndProject
Project("{8BC9CEB8-8B4A-11D0-8D11-00A0C91BC942}") = "2292", "2292\2292.vcxproj", "{6C175D34-B6A4-42B1-8D7D-527694916268}"
EndProject
Project("{8BC9CEB8-8B4A-11D0-8D11-00A0C91BC942}") = "1022", "1022\1022.vcxproj", "{ADE14093-511D-459E-AC4A-BC4B708F2405}"
EndProject
Project("{8BC9CEB8-8B4A-11D0-8D11-00A0C91BC942}") = "1149", "1149\1149.vcxproj", "{1FD07E9F-C827-4FCE-8317-550B5BD5A755}"
EndProject
Project("{8BC9CEB8-8B4A-11D0-8D11-00A0C91BC942}") = "1011", "1011\1011.vcxproj", "{2C6FBDD7-9454-41B5-9B77-EE72BB55537C}"
EndProject
Project("{8BC9CEB8-8B4A-11D0-8D11-00A0C91BC942}") = "3745", "3745\3745.vcxproj", "{937E5CA6-9912-4457-9B1C-A1BB4D3ED90A}"
EndProject
Project("{8BC9CEB8-8B4A-11D0-8D11-00A0C91BC942}") = "1912", "1912\1912.vcxproj", "{7EC9A089-BF44-417E-8E96-984348CBDB62}"
EndProject
Project("{8BC9CEB8-8B4A-11D0-8D11-00A0C91BC942}") = "5647", "5647\5647.vcxproj", "{C9C5F38D-87BC-49C7-9784-CC18BE123254}"
EndProject
Project("{8BC9CEB8-8B4A-11D0-8D11-00A0C91BC942}") = "1697", "1697\1697.vcxproj", "{2BEC241D-5DAF-4558-A777-6B4AC19B9188}"
EndProject
Project("{8BC9CEB8-8B4A-11D0-8D11-00A0C91BC942}") = "13398", "13398\13398.vcxproj", "{3858F74C-796D-4DC3-A352-1E883894E1CB}"
EndProject
Project("{8BC9CEB8-8B4A-11D0-8D11-00A0C91BC942}") = "1699", "1699\1699.vcxproj", "{55537E0E-2565-497F-93D8-D217A1F4E8AB}"
EndProject
Project("{8BC9CEB8-8B4A-11D0-8D11-00A0C91BC942}") = "2225", "2225\2225.vcxproj", "{32AFE853-2E4E-40E0-B95C-3B843A74F830}"
EndProject
Global
	GlobalSection(SolutionConfigurationPlatforms) = preSolution
		Debug|x64 = Debug|x64
		Debug|x86 = Debug|x86
		Release|x64 = Release|x64
		Release|x86 = Release|x86
	EndGlobalSection
	GlobalSection(ProjectConfigurationPlatforms) = postSolution
		{96E8882D-9671-4E01-B389-42674F9F55B2}.Debug|x64.ActiveCfg = Debug|x64
		{96E8882D-9671-4E01-B389-42674F9F55B2}.Debug|x64.Build.0 = Debug|x64
		{96E8882D-9671-4E01-B389-42674F9F55B2}.Debug|x86.ActiveCfg = Debug|Win32
		{96E8882D-9671-4E01-B389-42674F9F55B2}.Debug|x86.Build.0 = Debug|Win32
		{96E8882D-9671-4E01-B389-42674F9F55B2}.Release|x64.ActiveCfg = Release|x64
		{96E8882D-9671-4E01-B389-42674F9F55B2}.Release|x64.Build.0 = Release|x64
		{96E8882D-9671-4E01-B389-42674F9F55B2}.Release|x86.ActiveCfg = Release|Win32
		{96E8882D-9671-4E01-B389-42674F9F55B2}.Release|x86.Build.0 = Release|Win32
		{98A62D8C-E1A2-4726-9C41-B206DFC03787}.Debug|x64.ActiveCfg = Debug|x64
		{98A62D8C-E1A2-4726-9C41-B206DFC03787}.Debug|x64.Build.0 = Debug|x64
		{98A62D8C-E1A2-4726-9C41-B206DFC03787}.Debug|x86.ActiveCfg = Debug|Win32
		{98A62D8C-E1A2-4726-9C41-B206DFC03787}.Debug|x86.Build.0 = Debug|Win32
		{98A62D8C-E1A2-4726-9C41-B206DFC03787}.Release|x64.ActiveCfg = Release|x64
		{98A62D8C-E1A2-4726-9C41-B206DFC03787}.Release|x64.Build.0 = Release|x64
		{98A62D8C-E1A2-4726-9C41-B206DFC03787}.Release|x86.ActiveCfg = Release|Win32
		{98A62D8C-E1A2-4726-9C41-B206DFC03787}.Release|x86.Build.0 = Release|Win32
		{33A2DCB2-83A2-46DD-A0DB-DCE61A903184}.Debug|x64.ActiveCfg = Debug|x64
		{33A2DCB2-83A2-46DD-A0DB-DCE61A903184}.Debug|x64.Build.0 = Debug|x64
		{33A2DCB2-83A2-46DD-A0DB-DCE61A903184}.Debug|x86.ActiveCfg = Debug|Win32
		{33A2DCB2-83A2-46DD-A0DB-DCE61A903184}.Debug|x86.Build.0 = Debug|Win32
		{33A2DCB2-83A2-46DD-A0DB-DCE61A903184}.Release|x64.ActiveCfg = Release|x64
		{33A2DCB2-83A2-46DD-A0DB-DCE61A903184}.Release|x64.Build.0 = Release|x64
		{33A2DCB2-83A2-46DD-A0DB-DCE61A903184}.Release|x86.ActiveCfg = Release|Win32
		{33A2DCB2-83A2-46DD-A0DB-DCE61A903184}.Release|x86.Build.0 = Release|Win32
		{AA0FD2E7-9665-475F-B34E-44549CFA553C}.Debug|x64.ActiveCfg = Debug|x64
		{AA0FD2E7-9665-475F-B34E-44549CFA553C}.Debug|x64.Build.0 = Debug|x64
		{AA0FD2E7-9665-475F-B34E-44549CFA553C}.Debug|x86.ActiveCfg = Debug|Win32
		{AA0FD2E7-9665-475F-B34E-44549CFA553C}.Debug|x86.Build.0 = Debug|Win32
		{AA0FD2E7-9665-475F-B34E-44549CFA553C}.Release|x64.ActiveCfg = Release|x64
		{AA0FD2E7-9665-475F-B34E-44549CFA553C}.Release|x64.Build.0 = Release|x64
		{AA0FD2E7-9665-475F-B34E-44549CFA553C}.Release|x86.ActiveCfg = Release|Win32
		{AA0FD2E7-9665-475F-B34E-44549CFA553C}.Release|x86.Build.0 = Release|Win32
		{53F60734-ED29-4388-B3DD-0D60B4E248A0}.Debug|x64.ActiveCfg = Debug|x64
		{53F60734-ED29-4388-B3DD-0D60B4E248A0}.Debug|x64.Build.0 = Debug|x64
		{53F60734-ED29-4388-B3DD-0D60B4E248A0}.Debug|x86.ActiveCfg = Debug|Win32
		{53F60734-ED29-4388-B3DD-0D60B4E248A0}.Debug|x86.Build.0 = Debug|Win32
		{53F60734-ED29-4388-B3DD-0D60B4E248A0}.Release|x64.ActiveCfg = Release|x64
		{53F60734-ED29-4388-B3DD-0D60B4E248A0}.Release|x64.Build.0 = Release|x64
		{53F60734-ED29-4388-B3DD-0D60B4E248A0}.Release|x86.ActiveCfg = Release|Win32
		{53F60734-ED29-4388-B3DD-0D60B4E248A0}.Release|x86.Build.0 = Release|Win32
		{FB12E10B-8AC8-43A1-B2D0-8695D0B08DD0}.Debug|x64.ActiveCfg = Debug|x64
		{FB12E10B-8AC8-43A1-B2D0-8695D0B08DD0}.Debug|x64.Build.0 = Debug|x64
		{FB12E10B-8AC8-43A1-B2D0-8695D0B08DD0}.Debug|x86.ActiveCfg = Debug|Win32
		{FB12E10B-8AC8-43A1-B2D0-8695D0B08DD0}.Debug|x86.Build.0 = Debug|Win32
		{FB12E10B-8AC8-43A1-B2D0-8695D0B08DD0}.Release|x64.ActiveCfg = Release|x64
		{FB12E10B-8AC8-43A1-B2D0-8695D0B08DD0}.Release|x64.Build.0 = Release|x64
		{FB12E10B-8AC8-43A1-B2D0-8695D0B08DD0}.Release|x86.ActiveCfg = Release|Win32
		{FB12E10B-8AC8-43A1-B2D0-8695D0B08DD0}.Release|x86.Build.0 = Release|Win32
		{6C175D34-B6A4-42B1-8D7D-527694916268}.Debug|x64.ActiveCfg = Debug|x64
		{6C175D34-B6A4-42B1-8D7D-527694916268}.Debug|x64.Build.0 = Debug|x64
		{6C175D34-B6A4-42B1-8D7D-527694916268}.Debug|x86.ActiveCfg = Debug|Win32
		{6C175D34-B6A4-42B1-8D7D-527694916268}.Debug|x86.Build.0 = Debug|Win32
		{6C175D34-B6A4-42B1-8D7D-527694916268}.Release|x64.ActiveCfg = Release|x64
		{6C175D34-B6A4-42B1-8D7D-527694916268}.Release|x64.Build.0 = Release|x64
		{6C175D34-B6A4-42B1-8D7D-527694916268}.Release|x86.ActiveCfg = Release|Win32
		{6C175D34-B6A4-42B1-8D7D-527694916268}.Release|x86.Build.0 = Release|Win32
		{ADE14093-511D-459E-AC4A-BC4B708F2405}.Debug|x64.ActiveCfg = Debug|x64
		{ADE14093-511D-459E-AC4A-BC4B708F2405}.Debug|x64.Build.0 = Debug|x64
		{ADE14093-511D-459E-AC4A-BC4B708F2405}.Debug|x86.ActiveCfg = Debug|Win32
		{ADE14093-511D-459E-AC4A-BC4B708F2405}.Debug|x86.Build.0 = Debug|Win32
		{ADE14093-511D-459E-AC4A-BC4B708F2405}.Release|x64.ActiveCfg = Release|x64
		{ADE14093-511D-459E-AC4A-BC4B708F2405}.Release|x64.Build.0 = Release|x64
		{ADE14093-511D-459E-AC4A-BC4B708F2405}.Release|x86.ActiveCfg = Release|Win32
		{ADE14093-511D-459E-AC4A-BC4B708F2405}.Release|x86.Build.0 = Release|Win32
		{1FD07E9F-C827-4FCE-8317-550B5BD5A755}.Debug|x64.ActiveCfg = Debug|x64
		{1FD07E9F-C827-4FCE-8317-550B5BD5A755}.Debug|x64.Build.0 = Debug|x64
		{1FD07E9F-C827-4FCE-8317-550B5BD5A755}.Debug|x86.ActiveCfg = Debug|Win32
		{1FD07E9F-C827-4FCE-8317-550B5BD5A755}.Debug|x86.Build.0 = Debug|Win32
		{1FD07E9F-C827-4FCE-8317-550B5BD5A755}.Release|x64.ActiveCfg = Release|x64
		{1FD07E9F-C827-4FCE-8317-550B5BD5A755}.Release|x64.Build.0 = Release|x64
		{1FD07E9F-C827-4FCE-8317-550B5BD5A755}.Release|x86.ActiveCfg = Release|Win32
		{1FD07E9F-C827-4FCE-8317-550B5BD5A755}.Release|x86.Build.0 = Release|Win32
		{2C6FBDD7-9454-41B5-9B77-EE72BB55537C}.Debug|x64.ActiveCfg = Debug|x64
		{2C6FBDD7-9454-41B5-9B77-EE72BB55537C}.Debug|x64.Build.0 = Debug|x64
		{2C6FBDD7-9454-41B5-9B77-EE72BB55537C}.Debug|x86.ActiveCfg = Debug|Win32
		{2C6FBDD7-9454-41B5-9B77-EE72BB55537C}.Debug|x86.Build.0 = Debug|Win32
		{2C6FBDD7-9454-41B5-9B77-EE72BB55537C}.Release|x64.ActiveCfg = Release|x64
		{2C6FBDD7-9454-41B5-9B77-EE72BB55537C}.Release|x64.Build.0 = Release|x64
		{2C6FBDD7-9454-41B5-9B77-EE72BB55537C}.Release|x86.ActiveCfg = Release|Win32
		{2C6FBDD7-9454-41B5-9B77-EE72BB55537C}.Release|x86.Build.0 = Release|Win32
		{937E5CA6-9912-4457-9B1C-A1BB4D3ED90A}.Debug|x64.ActiveCfg = Debug|x64
		{937E5CA6-9912-4457-9B1C-A1BB4D3ED90A}.Debug|x64.Build.0 = Debug|x64
		{937E5CA6-9912-4457-9B1C-A1BB4D3ED90A}.Debug|x86.ActiveCfg = Debug|Win32
		{937E5CA6-9912-4457-9B1C-A1BB4D3ED90A}.Debug|x86.Build.0 = Debug|Win32
		{937E5CA6-9912-4457-9B1C-A1BB4D3ED90A}.Release|x64.ActiveCfg = Release|x64
		{937E5CA6-9912-4457-9B1C-A1BB4D3ED90A}.Release|x64.Build.0 = Release|x64
		{937E5CA6-9912-4457-9B1C-A1BB4D3ED90A}.Release|x86.ActiveCfg = Release|Win32
		{937E5CA6-9912-4457-9B1C-A1BB4D3ED90A}.Release|x86.Build.0 = Release|Win32
		{7EC9A089-BF44-417E-8E96-984348CBDB62}.Debug|x64.ActiveCfg = Debug|x64
		{7EC9A089-BF44-417E-8E96-984348CBDB62}.Debug|x64.Build.0 = Debug|x64
		{7EC9A089-BF44-417E-8E96-984348CBDB62}.Debug|x86.ActiveCfg = Debug|Win32
		{7EC9A089-BF44-417E-8E96-984348CBDB62}.Debug|x86.Build.0 = Debug|Win32
		{7EC9A089-BF44-417E-8E96-984348CBDB62}.Release|x64.ActiveCfg = Release|x64
		{7EC9A089-BF44-417E-8E96-984348CBDB62}.Release|x64.Build.0 = Release|x64
		{7EC9A089-BF44-417E-8E96-984348CBDB62}.Release|x86.ActiveCfg = Release|Win32
		{7EC9A089-BF44-417E-8E96-984348CBDB62}.Release|x86.Build.0 = Release|Win32
		{C9C5F38D-87BC-49C7-9784-CC18BE123254}.Debug|x64.ActiveCfg = Debug|x64
		{C9C5F38D-87BC-49C7-9784-CC18BE123254}.Debug|x64.Build.0 = Debug|x64
		{C9C5F38D-87BC-49C7-9784-CC18BE123254}.Debug|x86.ActiveCfg = Debug|Win32
		{C9C5F38D-87BC-49C7-9784-CC18BE123254}.Debug|x86.Build.0 = Debug|Win32
		{C9C5F38D-87BC-49C7-9784-CC18BE123254}.Release|x64.ActiveCfg = Release|x64
		{C9C5F38D-87BC-49C7-9784-CC18BE123254}.Release|x64.Build.0 = Release|x64
		{C9C5F38D-87BC-49C7-9784-CC18BE123254}.Release|x86.ActiveCfg = Release|Win32
		{C9C5F38D-87BC-49C7-9784-CC18BE123254}.Release|x86.Build.0 = Release|Win32
		{2BEC241D-5DAF-4558-A777-6B4AC19B9188}.Debug|x64.ActiveCfg = Debug|x64
		{2BEC241D-5DAF-4558-A777-6B4AC19B9188}.Debug|x64.Build.0 = Debug|x64
		{2BEC241D-5DAF-4558-A777-6B4AC19B9188}.Debug|x86.ActiveCfg = Debug|Win32
		{2BEC241D-5DAF-4558-A777-6B4AC19B9188}.Debug|x86.Build.0 = Debug|Win32
		{2BEC241D-5DAF-4558-A777-6B4AC19B9188}.Release|x64.ActiveCfg = Release|x64
		{2BEC241D-5DAF-4558-A777-6B4AC19B9188}.Release|x64.Build.0 = Release|x64
		{2BEC241D-5DAF-4558-A777-6B4AC19B9188}.Release|x86.ActiveCfg = Release|Win32
		{2BEC241D-5DAF-4558-A777-6B4AC19B9188}.Release|x86.Build.0 = Release|Win32
		{3858F74C-796D-4DC3-A352-1E883894E1CB}.Debug|x64.ActiveCfg = Debug|x64
		{3858F74C-796D-4DC3-A352-1E883894E1CB}.Debug|x64.Build.0 = Debug|x64
		{3858F74C-796D-4DC3-A352-1E883894E1CB}.Debug|x86.ActiveCfg = Debug|Win32
		{3858F74C-796D-4DC3-A352-1E883894E1CB}.Debug|x86.Build.0 = Debug|Win32
		{3858F74C-796D-4DC3-A352-1E883894E1CB}.Release|x64.ActiveCfg = Release|x64
		{3858F74C-796D-4DC3-A352-1E883894E1CB}.Release|x64.Build.0 = Release|x64
		{3858F74C-796D-4DC3-A352-1E883894E1CB}.Release|x86.ActiveCfg = Release|Win32
		{3858F74C-796D-4DC3-A352-1E883894E1CB}.Release|x86.Build.0 = Release|Win32
		{55537E0E-2565-497F-93D8-D217A1F4E8AB}.Debug|x64.ActiveCfg = Debug|x64
		{55537E0E-2565-497F-93D8-D217A1F4E8AB}.Debug|x64.Build.0 = Debug|x64
		{55537E0E-2565-497F-93D8-D217A1F4E8AB}.Debug|x86.ActiveCfg = Debug|Win32
		{55537E0E-2565-497F-93D8-D217A1F4E8AB}.Debug|x86.Build.0 = Debug|Win32
		{55537E0E-2565-497F-93D8-D217A1F4E8AB}.Release|x64.ActiveCfg = Release|x64
		{55537E0E-2565-497F-93D8-D217A1F4E8AB}.Release|x64.Build.0 = Release|x64
		{55537E0E-2565-497F-93D8-D217A1F4E8AB}.Release|x86.ActiveCfg = Release|Win32
		{55537E0E-2565-497F-93D8-D217A1F4E8AB}.Release|x86.Build.0 = Release|Win32
		{32AFE853-2E4E-40E0-B95C-3B843A74F830}.Debug|x64.ActiveCfg = Debug|x64
		{32AFE853-2E4E-40E0-B95C-3B843A74F830}.Debug|x64.Build.0 = Debug|x64
		{32AFE853-2E4E-40E0-B95C-3B843A74F830}.Debug|x86.ActiveCfg = Debug|Win32
		{32AFE853-2E4E-40E0-B95C-3B843A74F830}.Debug|x86.Build.0 = Debug|Win32
		{32AFE853-2E4E-40E0-B95C-3B843A74F830}.Release|x64.ActiveCfg = Release|x64
		{32AFE853-2E4E-40E0-B95C-3B843A74F830}.Release|x64.Build.0 = Release|x64
		{32AFE853-2E4E-40E0-B95C-3B843A74F830}.Release|x86.ActiveCfg = Release|Win32
		{32AFE853-2E4E-40E0-B95C-3B843A74F830}.Release|x86.Build.0 = Release|Win32
	EndGlobalSection
	GlobalSection(SolutionProperties) = preSolution
		HideSolutionNode = FALSE
	EndGlobalSection
	GlobalSection(ExtensibilityGlobals) = postSolution
		SolutionGuid = {703501AD-CF27-407F-A7AC-7ED4F2258B05}
	EndGlobalSection
EndGlobal
